
Microsoft Visual Studio Solution File, Format Version 12.00
# Visual Studio Version 17
VisualStudioVersion = 17.3.32922.545
MinimumVisualStudioVersion = 10.0.40219.1
Project("{FAE04EC0-301F-11D3-BF4B-00C04F79EFBC}") = "WindowsFormsContacts", "WindowsFormsContacts\WindowsFormsContacts.csproj", "{324BB19B-75F9-48EC-8343-0EB257B8753C}"
EndProject
Global
	GlobalSection(SolutionConfigurationPlatforms) = preSolution
		Debug|Any CPU = Debug|Any CPU
		Release|Any CPU = Release|Any CPU
	EndGlobalSection
	GlobalSection(ProjectConfigurationPlatforms) = postSolution
		{324BB19B-75F9-48EC-8343-0EB257B8753C}.Debug|Any CPU.ActiveCfg = Debug|Any CPU
		{324BB19B-75F9-48EC-8343-0EB257B8753C}.Debug|Any CPU.Build.0 = Debug|Any CPU
		{324BB19B-75F9-48EC-8343-0EB257B8753C}.Release|Any CPU.ActiveCfg = Release|Any CPU
		{324BB19B-75F9-48EC-8343-0EB257B8753C}.Release|Any CPU.Build.0 = Release|Any CPU
	EndGlobalSection
	GlobalSection(SolutionProperties) = preSolution
		HideSolutionNode = FALSE
	EndGlobalSection
	GlobalSection(ExtensibilityGlobals) = postSolution
		SolutionGuid = {AC4D62FA-35C0-40F7-8855-A41E0A7E0BDE}
	EndGlobalSection
EndGlobal
